
Microsoft Visual Studio Solution File, Format Version 12.00
# Visual Studio Version 17
VisualStudioVersion = 17.14.36616.10 d17.14
MinimumVisualStudioVersion = 10.0.40219.1
Project("{8BC9CEB8-8B4A-11D0-8D11-00A0C91BC942}") = "Line", "Line\Line.vcxproj", "{32985F6C-E8C5-4B16-8D3B-83E7C3F1801F}"
EndProject
Global
	GlobalSection(SolutionConfigurationPlatforms) = preSolution
		Debug|x64 = Debug|x64
		Debug|x86 = Debug|x86
		Release|x64 = Release|x64
		Release|x86 = Release|x86
	EndGlobalSection
	GlobalSection(ProjectConfigurationPlatforms) = postSolution
		{32985F6C-E8C5-4B16-8D3B-83E7C3F1801F}.Debug|x64.ActiveCfg = Debug|x64
		{32985F6C-E8C5-4B16-8D3B-83E7C3F1801F}.Debug|x64.Build.0 = Debug|x64
		{32985F6C-E8C5-4B16-8D3B-83E7C3F1801F}.Debug|x86.ActiveCfg = Debug|Win32
		{32985F6C-E8C5-4B16-8D3B-83E7C3F1801F}.Debug|x86.Build.0 = Debug|Win32
		{32985F6C-E8C5-4B16-8D3B-83E7C3F1801F}.Release|x64.ActiveCfg = Release|x64
		{32985F6C-E8C5-4B16-8D3B-83E7C3F1801F}.Release|x64.Build.0 = Release|x64
		{32985F6C-E8C5-4B16-8D3B-83E7C3F1801F}.Release|x86.ActiveCfg = Release|Win32
		{32985F6C-E8C5-4B16-8D3B-83E7C3F1801F}.Release|x86.Build.0 = Release|Win32
	EndGlobalSection
	GlobalSection(SolutionProperties) = preSolution
		HideSolutionNode = FALSE
	EndGlobalSection
	GlobalSection(ExtensibilityGlobals) = postSolution
		SolutionGuid = {2D2532EE-692B-4FDF-92A0-D5DDF0A8CB9B}
	EndGlobalSection
EndGlobal
